# This file is automatically @generated by Cargo.
# It is not intended for manual editing.
version = 3

[[package]]
name = "ascii"
version = "1.0.0"
source = "registry+https://github.com/rust-lang/crates.io-index"
checksum = "bbf56136a5198c7b01a49e3afcbef6cf84597273d298f54432926024107b0109"

[[package]]
name = "tkom-interpreter"
version = "0.1.0"
dependencies = [
 "ascii",
 "utf8-read",
]

[[package]]
name = "utf8-read"
version = "0.4.0"
source = "registry+https://github.com/rust-lang/crates.io-index"
checksum = "fb566ac06e11c3f13872ebcb0e72ea5f97f0f65a16f45048d0adea21edc28018"
